
Microsoft Visual Studio Solution File, Format Version 12.00
# Visual Studio Version 17
VisualStudioVersion = 17.1.32319.34
MinimumVisualStudioVersion = 10.0.40219.1
Project("{FAE04EC0-301F-11D3-BF4B-00C04F79EFBC}") = "TP Programación III", "TP Programación III\TP Programación III.csproj", "{2825887D-4216-454E-B9FF-014D125E51C7}"
EndProject
Global
	GlobalSection(SolutionConfigurationPlatforms) = preSolution
		Debug|Any CPU = Debug|Any CPU
		Release|Any CPU = Release|Any CPU
	EndGlobalSection
	GlobalSection(ProjectConfigurationPlatforms) = postSolution
		{2825887D-4216-454E-B9FF-014D125E51C7}.Debug|Any CPU.ActiveCfg = Debug|Any CPU
		{2825887D-4216-454E-B9FF-014D125E51C7}.Debug|Any CPU.Build.0 = Debug|Any CPU
		{2825887D-4216-454E-B9FF-014D125E51C7}.Release|Any CPU.ActiveCfg = Release|Any CPU
		{2825887D-4216-454E-B9FF-014D125E51C7}.Release|Any CPU.Build.0 = Release|Any CPU
	EndGlobalSection
	GlobalSection(SolutionProperties) = preSolution
		HideSolutionNode = FALSE
	EndGlobalSection
	GlobalSection(ExtensibilityGlobals) = postSolution
		SolutionGuid = {123D5F37-7583-4FBD-B042-742018B7484F}
	EndGlobalSection
EndGlobal
